
Microsoft Visual Studio Solution File, Format Version 11.00
# Visual Studio 2010
Project("{F184B08F-C81C-45F6-A57F-5ABD9991F28F}") = "Soccer Team", "Soccer Team\Soccer Team.vbproj", "{97EB5C73-DB70-4BE9-ABCF-022F38EB3CB0}"
EndProject
Global
	GlobalSection(SolutionConfigurationPlatforms) = preSolution
		Debug|x86 = Debug|x86
		Release|x86 = Release|x86
	EndGlobalSection
	GlobalSection(ProjectConfigurationPlatforms) = postSolution
		{97EB5C73-DB70-4BE9-ABCF-022F38EB3CB0}.Debug|x86.ActiveCfg = Debug|x86
		{97EB5C73-DB70-4BE9-ABCF-022F38EB3CB0}.Debug|x86.Build.0 = Debug|x86
		{97EB5C73-DB70-4BE9-ABCF-022F38EB3CB0}.Release|x86.ActiveCfg = Release|x86
		{97EB5C73-DB70-4BE9-ABCF-022F38EB3CB0}.Release|x86.Build.0 = Release|x86
	EndGlobalSection
	GlobalSection(SolutionProperties) = preSolution
		HideSolutionNode = FALSE
	EndGlobalSection
EndGlobal
