
Microsoft Visual Studio Solution File, Format Version 11.00
# Visual Studio 2010
Project("{F184B08F-C81C-45F6-A57F-5ABD9991F28F}") = "Paint Job Estimator", "Paint Job Estimator\Paint Job Estimator.vbproj", "{A4535539-33FD-4199-9C68-1B38F12191DB}"
EndProject
Global
	GlobalSection(SolutionConfigurationPlatforms) = preSolution
		Debug|x86 = Debug|x86
		Release|x86 = Release|x86
	EndGlobalSection
	GlobalSection(ProjectConfigurationPlatforms) = postSolution
		{A4535539-33FD-4199-9C68-1B38F12191DB}.Debug|x86.ActiveCfg = Debug|x86
		{A4535539-33FD-4199-9C68-1B38F12191DB}.Debug|x86.Build.0 = Debug|x86
		{A4535539-33FD-4199-9C68-1B38F12191DB}.Release|x86.ActiveCfg = Release|x86
		{A4535539-33FD-4199-9C68-1B38F12191DB}.Release|x86.Build.0 = Release|x86
	EndGlobalSection
	GlobalSection(SolutionProperties) = preSolution
		HideSolutionNode = FALSE
	EndGlobalSection
EndGlobal
